<?xml version="1.0" encoding="utf-8"?>
<Project ToolsVersion="4.0" xmlns="http://schemas.microsoft.com/developer/msbuild/2003">
  <ItemGroup>
    <Filter Include="Header Files">
      <UniqueIdentifier>{93995380-89BD-4b04-88EB-625FBE52EBFB}</UniqueIdentifier>
      <Extensions>h;hh;hpp;hxx;h++;hm;inl;inc;ipp;xsd</Extensions>
    </Filter>
    <Filter Include="Source Files">
      <UniqueIdentifier>{4FC737F1-C7A5-4376-A066-2A32D752A2FF}</UniqueIdentifier>
      <Extensions>cpp;c;cc;cxx;c++;cppm;ixx;def;odl;idl;hpj;bat;asm;asmx</Extensions>
    </Filter>
  </ItemGroup>
  <ItemGroup>
    <ClCompile Include="main.cpp">
      <Filter>Source Files</Filter>
    </ClCompile>
    <ClCompile Include="putVoxel.cpp">
      <Filter>Source Files</Filter>
    </ClCompile>
    <ClCompile Include="Sculptor.cpp">
      <Filter>Source Files</Filter>
    </ClCompile>
    <ClCompile Include="cutVoxel.cpp">
      <Filter>Source Files</Filter>
    </ClCompile>
    <ClCompile Include="putBox.cpp">
      <Filter>Source Files</Filter>
    </ClCompile>
    <ClCompile Include="cutBox.cpp">
      <Filter>Source Files</Filter>
    </ClCompile>
    <ClCompile Include="putSphere.cpp">
      <Filter>Source Files</Filter>
    </ClCompile>
    <ClCompile Include="cutSphere.cpp">
      <Filter>Source Files</Filter>
    </ClCompile>
    <ClCompile Include="leitor.cpp">
      <Filter>Source Files</Filter>
    </ClCompile>
    <ClCompile Include="putEllipsoid.cpp">
      <Filter>Source Files</Filter>
    </ClCompile>
    <ClCompile Include="cutEllipsoid.cpp">
      <Filter>Source Files</Filter>
    </ClCompile>
  </ItemGroup>
  <ItemGroup>
    <ClInclude Include="FiguraGeometrica.h">
      <Filter>Header Files</Filter>
    </ClInclude>
    <ClInclude Include="putVoxel.h">
      <Filter>Header Files</Filter>
    </ClInclude>
    <ClInclude Include="Sculptor.h">
      <Filter>Header Files</Filter>
    </ClInclude>
    <ClInclude Include="cutVoxel.h">
      <Filter>Header Files</Filter>
    </ClInclude>
    <ClInclude Include="putBox.h">
      <Filter>Header Files</Filter>
    </ClInclude>
    <ClInclude Include="cutBox.h">
      <Filter>Header Files</Filter>
    </ClInclude>
    <ClInclude Include="putSphere.h">
      <Filter>Header Files</Filter>
    </ClInclude>
    <ClInclude Include="cutSphere.h">
      <Filter>Header Files</Filter>
    </ClInclude>
    <ClInclude Include="leitor.h">
      <Filter>Header Files</Filter>
    </ClInclude>
    <ClInclude Include="putEllipsoid.h">
      <Filter>Header Files</Filter>
    </ClInclude>
    <ClInclude Include="cutEllipsoid.h">
      <Filter>Header Files</Filter>
    </ClInclude>
  </ItemGroup>
</Project>